// !$*UTF8*$!
{
	archiveVersion = 1;
	classes = {
	};
	objectVersion = 46;
	objects = {

/* Begin PBXBuildFile section */
		C0CC2C491A0D3E530092DD21 /* machine.cpp in Sources */ = {isa = PBXBuildFile; fileRef = C0794DDC1A0A4B46002D8880 /* machine.cpp */; };
		C0CC2C4A1A0D3E530092DD21 /* worker.cpp in Sources */ = {isa = PBXBuildFile; fileRef = C0794DE21A0A4B46002D8880 /* worker.cpp */; };
		C0CC2C4B1A0D3E530092DD21 /* estimator.cpp in Sources */ = {isa = PBXBuildFile; fileRef = C0794DE81A0A4B46002D8880 /* estimator.cpp */; };
		C0CC2C4C1A0D3E530092DD21 /* instrategy.cpp in Sources */ = {isa = PBXBuildFile; fileRef = C0794DEA1A0A4B46002D8880 /* instrategy.cpp */; };
		C0CC2C4D1A0D3E530092DD21 /* logging.cpp in Sources */ = {isa = PBXBuildFile; fileRef = C0794DED1A0A4B46002D8880 /* logging.cpp */; };
		C0CC2C4E1A0D3E530092DD21 /* messagestrategy.cpp in Sources */ = {isa = PBXBuildFile; fileRef = C0794DEF1A0A4B46002D8880 /* messagestrategy.cpp */; };
		C0CC2C4F1A0D3E530092DD21 /* outstrategy.cpp in Sources */ = {isa = PBXBuildFile; fileRef = C0794DF31A0A4B46002D8880 /* outstrategy.cpp */; };
		C0CC2C501A0D3E530092DD21 /* scheduler.cpp in Sources */ = {isa = PBXBuildFile; fileRef = C0794DF51A0A4B46002D8880 /* scheduler.cpp */; };
		C0CC2C511A0D3E530092DD21 /* stats.cpp in Sources */ = {isa = PBXBuildFile; fileRef = C0794DF71A0A4B46002D8880 /* stats.cpp */; };
		C0CC2C521A0D3E530092DD21 /* threaddag.cpp in Sources */ = {isa = PBXBuildFile; fileRef = C0794DFA1A0A4B46002D8880 /* threaddag.cpp */; };
		C0CC2C531A0D3E530092DD21 /* workstealing.cpp in Sources */ = {isa = PBXBuildFile; fileRef = C0794DFC1A0A4B46002D8880 /* workstealing.cpp */; };
		C0CC2C541A0D3E530092DD21 /* atomic.cpp in Sources */ = {isa = PBXBuildFile; fileRef = C0794E001A0A4B46002D8880 /* atomic.cpp */; };
		C0CC2C551A0D3E530092DD21 /* callback.cpp in Sources */ = {isa = PBXBuildFile; fileRef = C0794E021A0A4B46002D8880 /* callback.cpp */; };
		C0CC2C561A0D3E530092DD21 /* cmdline.cpp in Sources */ = {isa = PBXBuildFile; fileRef = C0794E041A0A4B46002D8880 /* cmdline.cpp */; };
		C0CC2C571A0D3E530092DD21 /* control_dummy.cpp in Sources */ = {isa = PBXBuildFile; fileRef = C0794E081A0A4B46002D8880 /* control_dummy.cpp */; };
		C0CC2C581A0D3E530092DD21 /* microtime.cpp in Sources */ = {isa = PBXBuildFile; fileRef = C0794E0A1A0A4B46002D8880 /* microtime.cpp */; };
		C0CC2C5D1A0D44F40092DD21 /* tests_shortest.cpp in Sources */ = {isa = PBXBuildFile; fileRef = C0CC2C5C1A0D44F40092DD21 /* tests_shortest.cpp */; };
		C0CC2C5E1A0D46010092DD21 /* ticks.cpp in Sources */ = {isa = PBXBuildFile; fileRef = C0794E0D1A0A4B46002D8880 /* ticks.cpp */; };
/* End PBXBuildFile section */

/* Begin PBXCopyFilesBuildPhase section */
		C0794EA91A0A4BF5002D8880 /* CopyFiles */ = {
			isa = PBXCopyFilesBuildPhase;
			buildActionMask = 2147483647;
			dstPath = /usr/share/man/man1/;
			dstSubfolderSpec = 0;
			files = (
			);
			runOnlyForDeploymentPostprocessing = 1;
		};
/* End PBXCopyFilesBuildPhase section */

/* Begin PBXFileReference section */
		C0794D761A0A4B46002D8880 /* bench.cpp */ = {isa = PBXFileReference; fileEncoding = 4; lastKnownFileType = sourcecode.cpp.cpp; path = bench.cpp; sourceTree = "<group>"; };
		C0794D771A0A4B46002D8880 /* chunkedseq.md */ = {isa = PBXFileReference; fileEncoding = 4; lastKnownFileType = text; path = chunkedseq.md; sourceTree = "<group>"; };
		C0794D781A0A4B46002D8880 /* chunkedseq.ml */ = {isa = PBXFileReference; fileEncoding = 4; lastKnownFileType = text; path = chunkedseq.ml; sourceTree = "<group>"; };
		C0794D791A0A4B46002D8880 /* commands.txt */ = {isa = PBXFileReference; fileEncoding = 4; lastKnownFileType = text; path = commands.txt; sourceTree = "<group>"; };
		C0794D7A1A0A4B46002D8880 /* do_fifo.cpp */ = {isa = PBXFileReference; fileEncoding = 4; lastKnownFileType = sourcecode.cpp.cpp; path = do_fifo.cpp; sourceTree = "<group>"; };
		C0794D7B1A0A4B46002D8880 /* Makefile */ = {isa = PBXFileReference; fileEncoding = 4; lastKnownFileType = sourcecode.make; path = Makefile; sourceTree = "<group>"; };
		C0794D7C1A0A4B46002D8880 /* plot */ = {isa = PBXFileReference; fileEncoding = 4; lastKnownFileType = text.script.sh; path = plot; sourceTree = "<group>"; };
		C0794D7D1A0A4B46002D8880 /* run */ = {isa = PBXFileReference; fileEncoding = 4; lastKnownFileType = text.script.sh; path = run; sourceTree = "<group>"; };
		C0794D7E1A0A4B46002D8880 /* Doxyfile */ = {isa = PBXFileReference; fileEncoding = 4; lastKnownFileType = text; path = Doxyfile; sourceTree = "<group>"; };
		C0794D801A0A4B46002D8880 /* chunkedseq_1.cpp */ = {isa = PBXFileReference; fileEncoding = 4; lastKnownFileType = sourcecode.cpp.cpp; path = chunkedseq_1.cpp; sourceTree = "<group>"; };
		C0794D811A0A4B46002D8880 /* chunkedseq_2.cpp */ = {isa = PBXFileReference; fileEncoding = 4; lastKnownFileType = sourcecode.cpp.cpp; path = chunkedseq_2.cpp; sourceTree = "<group>"; };
		C0794D821A0A4B46002D8880 /* chunkedseq_3.cpp */ = {isa = PBXFileReference; fileEncoding = 4; lastKnownFileType = sourcecode.cpp.cpp; path = chunkedseq_3.cpp; sourceTree = "<group>"; };
		C0794D831A0A4B46002D8880 /* chunkedseq_4.cpp */ = {isa = PBXFileReference; fileEncoding = 4; lastKnownFileType = sourcecode.cpp.cpp; path = chunkedseq_4.cpp; sourceTree = "<group>"; };
		C0794D841A0A4B46002D8880 /* chunkedseq_5.cpp */ = {isa = PBXFileReference; fileEncoding = 4; lastKnownFileType = sourcecode.cpp.cpp; path = chunkedseq_5.cpp; sourceTree = "<group>"; };
		C0794D851A0A4B46002D8880 /* chunkedseq_6.cpp */ = {isa = PBXFileReference; fileEncoding = 4; lastKnownFileType = sourcecode.cpp.cpp; path = chunkedseq_6.cpp; sourceTree = "<group>"; };
		C0794D861A0A4B46002D8880 /* chunkedseq_7.cpp */ = {isa = PBXFileReference; fileEncoding = 4; lastKnownFileType = sourcecode.cpp.cpp; path = chunkedseq_7.cpp; sourceTree = "<group>"; };
		C0794D871A0A4B46002D8880 /* iterator_1.cpp */ = {isa = PBXFileReference; fileEncoding = 4; lastKnownFileType = sourcecode.cpp.cpp; path = iterator_1.cpp; sourceTree = "<group>"; };
		C0794D881A0A4B46002D8880 /* Makefile */ = {isa = PBXFileReference; fileEncoding = 4; lastKnownFileType = sourcecode.make; path = Makefile; sourceTree = "<group>"; };
		C0794D891A0A4B46002D8880 /* map.hpp */ = {isa = PBXFileReference; fileEncoding = 4; lastKnownFileType = sourcecode.cpp.h; path = map.hpp; sourceTree = "<group>"; };
		C0794D8A1A0A4B46002D8880 /* map_1.cpp */ = {isa = PBXFileReference; fileEncoding = 4; lastKnownFileType = sourcecode.cpp.cpp; path = map_1.cpp; sourceTree = "<group>"; };
		C0794D8B1A0A4B46002D8880 /* map_2.cpp */ = {isa = PBXFileReference; fileEncoding = 4; lastKnownFileType = sourcecode.cpp.cpp; path = map_2.cpp; sourceTree = "<group>"; };
		C0794D8C1A0A4B46002D8880 /* segment_1.cpp */ = {isa = PBXFileReference; fileEncoding = 4; lastKnownFileType = sourcecode.cpp.cpp; path = segment_1.cpp; sourceTree = "<group>"; };
		C0794D8D1A0A4B46002D8880 /* trivbootchunkedseq.hpp */ = {isa = PBXFileReference; fileEncoding = 4; lastKnownFileType = sourcecode.cpp.h; path = trivbootchunkedseq.hpp; sourceTree = "<group>"; };
		C0794D8E1A0A4B46002D8880 /* weighted_split.cpp */ = {isa = PBXFileReference; fileEncoding = 4; lastKnownFileType = sourcecode.cpp.cpp; path = weighted_split.cpp; sourceTree = "<group>"; };
		C0794D901A0A4B46002D8880 /* algebra.hpp */ = {isa = PBXFileReference; fileEncoding = 4; lastKnownFileType = sourcecode.cpp.h; path = algebra.hpp; sourceTree = "<group>"; };
		C0794D911A0A4B46002D8880 /* annotation.hpp */ = {isa = PBXFileReference; fileEncoding = 4; lastKnownFileType = sourcecode.cpp.h; path = annotation.hpp; sourceTree = "<group>"; };
		C0794D921A0A4B46002D8880 /* bootchunkedseq.hpp */ = {isa = PBXFileReference; fileEncoding = 4; lastKnownFileType = sourcecode.cpp.h; path = bootchunkedseq.hpp; sourceTree = "<group>"; };
		C0794D931A0A4B46002D8880 /* cachedmeasure.hpp */ = {isa = PBXFileReference; fileEncoding = 4; lastKnownFileType = sourcecode.cpp.h; path = cachedmeasure.hpp; sourceTree = "<group>"; };
		C0794D941A0A4B46002D8880 /* chunk.hpp */ = {isa = PBXFileReference; fileEncoding = 4; lastKnownFileType = sourcecode.cpp.h; path = chunk.hpp; sourceTree = "<group>"; };
		C0794D951A0A4B46002D8880 /* chunkedbag.hpp */ = {isa = PBXFileReference; fileEncoding = 4; lastKnownFileType = sourcecode.cpp.h; path = chunkedbag.hpp; sourceTree = "<group>"; };
		C0794D961A0A4B46002D8880 /* chunkedseq.hpp */ = {isa = PBXFileReference; fileEncoding = 4; lastKnownFileType = sourcecode.cpp.h; path = chunkedseq.hpp; sourceTree = "<group>"; };
		C0794D971A0A4B46002D8880 /* chunkedseqbase.hpp */ = {isa = PBXFileReference; fileEncoding = 4; lastKnownFileType = sourcecode.cpp.h; path = chunkedseqbase.hpp; sourceTree = "<group>"; };
		C0794D981A0A4B46002D8880 /* chunkedseqextras.hpp */ = {isa = PBXFileReference; fileEncoding = 4; lastKnownFileType = sourcecode.cpp.h; path = chunkedseqextras.hpp; sourceTree = "<group>"; };
		C0794D991A0A4B46002D8880 /* fixedcapacity.hpp */ = {isa = PBXFileReference; fileEncoding = 4; lastKnownFileType = sourcecode.cpp.h; path = fixedcapacity.hpp; sourceTree = "<group>"; };
		C0794D9A1A0A4B46002D8880 /* fixedcapacitybase.hpp */ = {isa = PBXFileReference; fileEncoding = 4; lastKnownFileType = sourcecode.cpp.h; path = fixedcapacitybase.hpp; sourceTree = "<group>"; };
		C0794D9B1A0A4B46002D8880 /* ftree.hpp */ = {isa = PBXFileReference; fileEncoding = 4; lastKnownFileType = sourcecode.cpp.h; path = ftree.hpp; sourceTree = "<group>"; };
		C0794D9C1A0A4B46002D8880 /* itemsearch.hpp */ = {isa = PBXFileReference; fileEncoding = 4; lastKnownFileType = sourcecode.cpp.h; path = itemsearch.hpp; sourceTree = "<group>"; };
		C0794D9D1A0A4B46002D8880 /* iterator.hpp */ = {isa = PBXFileReference; fileEncoding = 4; lastKnownFileType = sourcecode.cpp.h; path = iterator.hpp; sourceTree = "<group>"; };
		C0794D9E1A0A4B46002D8880 /* measure.hpp */ = {isa = PBXFileReference; fileEncoding = 4; lastKnownFileType = sourcecode.cpp.h; path = measure.hpp; sourceTree = "<group>"; };
		C0794D9F1A0A4B46002D8880 /* segment.hpp */ = {isa = PBXFileReference; fileEncoding = 4; lastKnownFileType = sourcecode.cpp.h; path = segment.hpp; sourceTree = "<group>"; };
		C0794DA01A0A4B46002D8880 /* README */ = {isa = PBXFileReference; fileEncoding = 4; lastKnownFileType = text; path = README; sourceTree = "<group>"; };
		C0794DA11A0A4B46002D8880 /* README.md */ = {isa = PBXFileReference; fileEncoding = 4; lastKnownFileType = text; path = README.md; sourceTree = "<group>"; };
		C0794DA31A0A4B46002D8880 /* commands.txt */ = {isa = PBXFileReference; fileEncoding = 4; lastKnownFileType = text; path = commands.txt; sourceTree = "<group>"; };
		C0794DA41A0A4B46002D8880 /* deque.hpp */ = {isa = PBXFileReference; fileEncoding = 4; lastKnownFileType = sourcecode.cpp.h; path = deque.hpp; sourceTree = "<group>"; };
		C0794DA51A0A4B46002D8880 /* deque.tcc */ = {isa = PBXFileReference; fileEncoding = 4; lastKnownFileType = sourcecode.cpp.cpp; path = deque.tcc; sourceTree = "<group>"; };
		C0794DA61A0A4B46002D8880 /* Makefile */ = {isa = PBXFileReference; fileEncoding = 4; lastKnownFileType = sourcecode.make; path = Makefile; sourceTree = "<group>"; };
		C0794DA71A0A4B46002D8880 /* plot */ = {isa = PBXFileReference; fileEncoding = 4; lastKnownFileType = text.script.sh; path = plot; sourceTree = "<group>"; };
		C0794DA81A0A4B46002D8880 /* pushpop.cpp */ = {isa = PBXFileReference; fileEncoding = 4; lastKnownFileType = sourcecode.cpp.cpp; path = pushpop.cpp; sourceTree = "<group>"; };
		C0794DA91A0A4B46002D8880 /* run */ = {isa = PBXFileReference; fileEncoding = 4; lastKnownFileType = text.script.sh; path = run; sourceTree = "<group>"; };
		C0794DAA1A0A4B46002D8880 /* stl_deque.h */ = {isa = PBXFileReference; fileEncoding = 4; lastKnownFileType = sourcecode.c.h; path = stl_deque.h; sourceTree = "<group>"; };
		C0794DAC1A0A4B46002D8880 /* bootchunkseq.cpp */ = {isa = PBXFileReference; fileEncoding = 4; lastKnownFileType = sourcecode.cpp.cpp; path = bootchunkseq.cpp; sourceTree = "<group>"; };
		C0794DAD1A0A4B46002D8880 /* generators.hpp */ = {isa = PBXFileReference; fileEncoding = 4; lastKnownFileType = sourcecode.cpp.h; path = generators.hpp; sourceTree = "<group>"; };
		C0794DAE1A0A4B46002D8880 /* graphviz_output.cpp */ = {isa = PBXFileReference; fileEncoding = 4; lastKnownFileType = sourcecode.cpp.cpp; path = graphviz_output.cpp; sourceTree = "<group>"; };
		C0794DAF1A0A4B46002D8880 /* Makefile */ = {isa = PBXFileReference; fileEncoding = 4; lastKnownFileType = sourcecode.make; path = Makefile; sourceTree = "<group>"; };
		C0794DB01A0A4B46002D8880 /* prelims.hpp */ = {isa = PBXFileReference; fileEncoding = 4; lastKnownFileType = sourcecode.cpp.h; path = prelims.hpp; sourceTree = "<group>"; };
		C0794DB11A0A4B46002D8880 /* properties.hpp */ = {isa = PBXFileReference; fileEncoding = 4; lastKnownFileType = sourcecode.cpp.h; path = properties.hpp; sourceTree = "<group>"; };
		C0794DB21A0A4B46002D8880 /* quickcheck_chunkedseq.cpp */ = {isa = PBXFileReference; fileEncoding = 4; lastKnownFileType = sourcecode.cpp.cpp; path = quickcheck_chunkedseq.cpp; sourceTree = "<group>"; };
		C0794DB31A0A4B46002D8880 /* test_bootchunkedseq.cpp */ = {isa = PBXFileReference; fileEncoding = 4; lastKnownFileType = sourcecode.cpp.cpp; path = test_bootchunkedseq.cpp; sourceTree = "<group>"; };
		C0794DB41A0A4B46002D8880 /* test_chunkedbag.cpp */ = {isa = PBXFileReference; fileEncoding = 4; lastKnownFileType = sourcecode.cpp.cpp; path = test_chunkedbag.cpp; sourceTree = "<group>"; };
		C0794DB51A0A4B46002D8880 /* test_chunkedseq.cpp */ = {isa = PBXFileReference; fileEncoding = 4; lastKnownFileType = sourcecode.cpp.cpp; path = test_chunkedseq.cpp; sourceTree = "<group>"; };
		C0794DB61A0A4B46002D8880 /* test_seq.hpp */ = {isa = PBXFileReference; fileEncoding = 4; lastKnownFileType = sourcecode.cpp.h; path = test_seq.hpp; sourceTree = "<group>"; };
		C0794DB81A0A4B46002D8880 /* bhut.cpp */ = {isa = PBXFileReference; fileEncoding = 4; lastKnownFileType = sourcecode.cpp.cpp; path = bhut.cpp; sourceTree = "<group>"; };
		C0794DB91A0A4B46002D8880 /* fib.cpp */ = {isa = PBXFileReference; fileEncoding = 4; lastKnownFileType = sourcecode.cpp.cpp; path = fib.cpp; sourceTree = "<group>"; };
		C0794DBA1A0A4B46002D8880 /* hull.cpp */ = {isa = PBXFileReference; fileEncoding = 4; lastKnownFileType = sourcecode.cpp.cpp; path = hull.cpp; sourceTree = "<group>"; };
		C0794DBB1A0A4B46002D8880 /* Makefile */ = {isa = PBXFileReference; fileEncoding = 4; lastKnownFileType = sourcecode.make; path = Makefile; sourceTree = "<group>"; };
		C0794DBC1A0A4B46002D8880 /* nearestneighbors.cpp */ = {isa = PBXFileReference; fileEncoding = 4; lastKnownFileType = sourcecode.cpp.cpp; path = nearestneighbors.cpp; sourceTree = "<group>"; };
		C0794DBD1A0A4B46002D8880 /* samplesort.cpp */ = {isa = PBXFileReference; fileEncoding = 4; lastKnownFileType = sourcecode.cpp.cpp; path = samplesort.cpp; sourceTree = "<group>"; };
		C0794DC01A0A4B46002D8880 /* commands.txt */ = {isa = PBXFileReference; fileEncoding = 4; lastKnownFileType = text; path = commands.txt; sourceTree = "<group>"; };
		C0794DC11A0A4B46002D8880 /* connectedcomp.cpp */ = {isa = PBXFileReference; fileEncoding = 4; lastKnownFileType = sourcecode.cpp.cpp; path = connectedcomp.cpp; sourceTree = "<group>"; };
		C0794DC21A0A4B46002D8880 /* graph.md */ = {isa = PBXFileReference; fileEncoding = 4; lastKnownFileType = text; path = graph.md; sourceTree = "<group>"; };
		C0794DC31A0A4B46002D8880 /* graph.ml */ = {isa = PBXFileReference; fileEncoding = 4; lastKnownFileType = text; path = graph.ml; sourceTree = "<group>"; };
		C0794DC41A0A4B46002D8880 /* graphfile.cpp */ = {isa = PBXFileReference; fileEncoding = 4; lastKnownFileType = sourcecode.cpp.cpp; path = graphfile.cpp; sourceTree = "<group>"; };
		C0794DC51A0A4B46002D8880 /* graphfileshared.hpp */ = {isa = PBXFileReference; fileEncoding = 4; lastKnownFileType = sourcecode.cpp.h; path = graphfileshared.hpp; sourceTree = "<group>"; };
		C0794DC61A0A4B46002D8880 /* ls_bag.hpp */ = {isa = PBXFileReference; fileEncoding = 4; lastKnownFileType = sourcecode.cpp.h; path = ls_bag.hpp; sourceTree = "<group>"; };
		C0794DC71A0A4B46002D8880 /* Makefile */ = {isa = PBXFileReference; fileEncoding = 4; lastKnownFileType = sourcecode.make; path = Makefile; sourceTree = "<group>"; };
		C0794DC81A0A4B46002D8880 /* search.cpp */ = {isa = PBXFileReference; fileEncoding = 4; lastKnownFileType = sourcecode.cpp.cpp; path = search.cpp; sourceTree = "<group>"; };
		C0794DC91A0A4B46002D8880 /* Doxyfile */ = {isa = PBXFileReference; fileEncoding = 4; lastKnownFileType = text; path = Doxyfile; sourceTree = "<group>"; };
		C0794DCB1A0A4B46002D8880 /* adjlist.hpp */ = {isa = PBXFileReference; fileEncoding = 4; lastKnownFileType = sourcecode.cpp.h; path = adjlist.hpp; sourceTree = "<group>"; };
		C0794DCC1A0A4B46002D8880 /* bfs.hpp */ = {isa = PBXFileReference; fileEncoding = 4; lastKnownFileType = sourcecode.cpp.h; path = bfs.hpp; sourceTree = "<group>"; };
		C0794DCD1A0A4B46002D8880 /* dfs.hpp */ = {isa = PBXFileReference; fileEncoding = 4; lastKnownFileType = sourcecode.cpp.h; path = dfs.hpp; sourceTree = "<group>"; };
		C0794DCE1A0A4B46002D8880 /* edgelist.hpp */ = {isa = PBXFileReference; fileEncoding = 4; lastKnownFileType = sourcecode.cpp.h; path = edgelist.hpp; sourceTree = "<group>"; };
		C0794DCF1A0A4B46002D8880 /* frontierseg.hpp */ = {isa = PBXFileReference; fileEncoding = 4; lastKnownFileType = sourcecode.cpp.h; path = frontierseg.hpp; sourceTree = "<group>"; };
		C0794DD01A0A4B46002D8880 /* graph.hpp */ = {isa = PBXFileReference; fileEncoding = 4; lastKnownFileType = sourcecode.cpp.h; path = graph.hpp; sourceTree = "<group>"; };
		C0794DD11A0A4B46002D8880 /* graphconversions.hpp */ = {isa = PBXFileReference; fileEncoding = 4; lastKnownFileType = sourcecode.cpp.h; path = graphconversions.hpp; sourceTree = "<group>"; };
		C0794DD21A0A4B46002D8880 /* graphgenerators.hpp */ = {isa = PBXFileReference; fileEncoding = 4; lastKnownFileType = sourcecode.cpp.h; path = graphgenerators.hpp; sourceTree = "<group>"; };
		C0794DD31A0A4B46002D8880 /* graphio.hpp */ = {isa = PBXFileReference; fileEncoding = 4; lastKnownFileType = sourcecode.cpp.h; path = graphio.hpp; sourceTree = "<group>"; };
		C0794DD41A0A4B46002D8880 /* README.md */ = {isa = PBXFileReference; fileEncoding = 4; lastKnownFileType = text; path = README.md; sourceTree = "<group>"; };
		C0794DD61A0A4B46002D8880 /* Makefile */ = {isa = PBXFileReference; fileEncoding = 4; lastKnownFileType = sourcecode.make; path = Makefile; sourceTree = "<group>"; };
		C0794DD71A0A4B46002D8880 /* tests.cpp */ = {isa = PBXFileReference; fileEncoding = 4; lastKnownFileType = sourcecode.cpp.cpp; path = tests.cpp; sourceTree = "<group>"; };
		C0794DD81A0A4B46002D8880 /* LICENSE */ = {isa = PBXFileReference; fileEncoding = 4; lastKnownFileType = text; path = LICENSE; sourceTree = "<group>"; };
		C0794DDA1A0A4B46002D8880 /* barrier.hpp */ = {isa = PBXFileReference; fileEncoding = 4; lastKnownFileType = sourcecode.cpp.h; path = barrier.hpp; sourceTree = "<group>"; };
		C0794DDB1A0A4B46002D8880 /* cldeque.hpp */ = {isa = PBXFileReference; fileEncoding = 4; lastKnownFileType = sourcecode.cpp.h; path = cldeque.hpp; sourceTree = "<group>"; };
		C0794DDC1A0A4B46002D8880 /* machine.cpp */ = {isa = PBXFileReference; fileEncoding = 4; lastKnownFileType = sourcecode.cpp.cpp; path = machine.cpp; sourceTree = "<group>"; };
		C0794DDD1A0A4B46002D8880 /* machine.hpp */ = {isa = PBXFileReference; fileEncoding = 4; lastKnownFileType = sourcecode.cpp.h; path = machine.hpp; sourceTree = "<group>"; };
		C0794DDE1A0A4B46002D8880 /* pcb.hpp */ = {isa = PBXFileReference; fileEncoding = 4; lastKnownFileType = sourcecode.cpp.h; path = pcb.hpp; sourceTree = "<group>"; };
		C0794DDF1A0A4B46002D8880 /* pcontainer.hpp */ = {isa = PBXFileReference; fileEncoding = 4; lastKnownFileType = sourcecode.cpp.h; path = pcontainer.hpp; sourceTree = "<group>"; };
		C0794DE01A0A4B46002D8880 /* perworker.hpp */ = {isa = PBXFileReference; fileEncoding = 4; lastKnownFileType = sourcecode.cpp.h; path = perworker.hpp; sourceTree = "<group>"; };
		C0794DE11A0A4B46002D8880 /* tls.hpp */ = {isa = PBXFileReference; fileEncoding = 4; lastKnownFileType = sourcecode.cpp.h; path = tls.hpp; sourceTree = "<group>"; };
		C0794DE21A0A4B46002D8880 /* worker.cpp */ = {isa = PBXFileReference; fileEncoding = 4; lastKnownFileType = sourcecode.cpp.cpp; path = worker.cpp; sourceTree = "<group>"; };
		C0794DE31A0A4B46002D8880 /* worker.hpp */ = {isa = PBXFileReference; fileEncoding = 4; lastKnownFileType = sourcecode.cpp.h; path = worker.hpp; sourceTree = "<group>"; };
		C0794DE41A0A4B46002D8880 /* README.md */ = {isa = PBXFileReference; fileEncoding = 4; lastKnownFileType = text; path = README.md; sourceTree = "<group>"; };
		C0794DE61A0A4B46002D8880 /* benchmark.hpp */ = {isa = PBXFileReference; fileEncoding = 4; lastKnownFileType = sourcecode.cpp.h; path = benchmark.hpp; sourceTree = "<group>"; };
		C0794DE71A0A4B46002D8880 /* classes.hpp */ = {isa = PBXFileReference; fileEncoding = 4; lastKnownFileType = sourcecode.cpp.h; path = classes.hpp; sourceTree = "<group>"; };
		C0794DE81A0A4B46002D8880 /* estimator.cpp */ = {isa = PBXFileReference; fileEncoding = 4; lastKnownFileType = sourcecode.cpp.cpp; path = estimator.cpp; sourceTree = "<group>"; };
		C0794DE91A0A4B46002D8880 /* estimator.hpp */ = {isa = PBXFileReference; fileEncoding = 4; lastKnownFileType = sourcecode.cpp.h; path = estimator.hpp; sourceTree = "<group>"; };
		C0794DEA1A0A4B46002D8880 /* instrategy.cpp */ = {isa = PBXFileReference; fileEncoding = 4; lastKnownFileType = sourcecode.cpp.cpp; path = instrategy.cpp; sourceTree = "<group>"; };
		C0794DEB1A0A4B46002D8880 /* instrategy.hpp */ = {isa = PBXFileReference; fileEncoding = 4; lastKnownFileType = sourcecode.cpp.h; path = instrategy.hpp; sourceTree = "<group>"; };
		C0794DEC1A0A4B46002D8880 /* localityrange.hpp */ = {isa = PBXFileReference; fileEncoding = 4; lastKnownFileType = sourcecode.cpp.h; path = localityrange.hpp; sourceTree = "<group>"; };
		C0794DED1A0A4B46002D8880 /* logging.cpp */ = {isa = PBXFileReference; fileEncoding = 4; lastKnownFileType = sourcecode.cpp.cpp; path = logging.cpp; sourceTree = "<group>"; };
		C0794DEE1A0A4B46002D8880 /* logging.hpp */ = {isa = PBXFileReference; fileEncoding = 4; lastKnownFileType = sourcecode.cpp.h; path = logging.hpp; sourceTree = "<group>"; };
		C0794DEF1A0A4B46002D8880 /* messagestrategy.cpp */ = {isa = PBXFileReference; fileEncoding = 4; lastKnownFileType = sourcecode.cpp.cpp; path = messagestrategy.cpp; sourceTree = "<group>"; };
		C0794DF01A0A4B46002D8880 /* messagestrategy.hpp */ = {isa = PBXFileReference; fileEncoding = 4; lastKnownFileType = sourcecode.cpp.h; path = messagestrategy.hpp; sourceTree = "<group>"; };
		C0794DF11A0A4B46002D8880 /* native.hpp */ = {isa = PBXFileReference; fileEncoding = 4; lastKnownFileType = sourcecode.cpp.h; path = native.hpp; sourceTree = "<group>"; };
		C0794DF21A0A4B46002D8880 /* native.S */ = {isa = PBXFileReference; fileEncoding = 4; lastKnownFileType = sourcecode.asm; path = native.S; sourceTree = "<group>"; };
		C0794DF31A0A4B46002D8880 /* outstrategy.cpp */ = {isa = PBXFileReference; fileEncoding = 4; lastKnownFileType = sourcecode.cpp.cpp; path = outstrategy.cpp; sourceTree = "<group>"; };
		C0794DF41A0A4B46002D8880 /* outstrategy.hpp */ = {isa = PBXFileReference; fileEncoding = 4; lastKnownFileType = sourcecode.cpp.h; path = outstrategy.hpp; sourceTree = "<group>"; };
		C0794DF51A0A4B46002D8880 /* scheduler.cpp */ = {isa = PBXFileReference; fileEncoding = 4; lastKnownFileType = sourcecode.cpp.cpp; path = scheduler.cpp; sourceTree = "<group>"; };
		C0794DF61A0A4B46002D8880 /* scheduler.hpp */ = {isa = PBXFileReference; fileEncoding = 4; lastKnownFileType = sourcecode.cpp.h; path = scheduler.hpp; sourceTree = "<group>"; };
		C0794DF71A0A4B46002D8880 /* stats.cpp */ = {isa = PBXFileReference; fileEncoding = 4; lastKnownFileType = sourcecode.cpp.cpp; path = stats.cpp; sourceTree = "<group>"; };
		C0794DF81A0A4B46002D8880 /* stats.hpp */ = {isa = PBXFileReference; fileEncoding = 4; lastKnownFileType = sourcecode.cpp.h; path = stats.hpp; sourceTree = "<group>"; };
		C0794DF91A0A4B46002D8880 /* thread.hpp */ = {isa = PBXFileReference; fileEncoding = 4; lastKnownFileType = sourcecode.cpp.h; path = thread.hpp; sourceTree = "<group>"; };
		C0794DFA1A0A4B46002D8880 /* threaddag.cpp */ = {isa = PBXFileReference; fileEncoding = 4; lastKnownFileType = sourcecode.cpp.cpp; path = threaddag.cpp; sourceTree = "<group>"; };
		C0794DFB1A0A4B46002D8880 /* threaddag.hpp */ = {isa = PBXFileReference; fileEncoding = 4; lastKnownFileType = sourcecode.cpp.h; path = threaddag.hpp; sourceTree = "<group>"; };
		C0794DFC1A0A4B46002D8880 /* workstealing.cpp */ = {isa = PBXFileReference; fileEncoding = 4; lastKnownFileType = sourcecode.cpp.cpp; path = workstealing.cpp; sourceTree = "<group>"; };
		C0794DFD1A0A4B46002D8880 /* workstealing.hpp */ = {isa = PBXFileReference; fileEncoding = 4; lastKnownFileType = sourcecode.cpp.h; path = workstealing.hpp; sourceTree = "<group>"; };
		C0794DFF1A0A4B46002D8880 /* aliases.hpp */ = {isa = PBXFileReference; fileEncoding = 4; lastKnownFileType = sourcecode.cpp.h; path = aliases.hpp; sourceTree = "<group>"; };
		C0794E001A0A4B46002D8880 /* atomic.cpp */ = {isa = PBXFileReference; fileEncoding = 4; lastKnownFileType = sourcecode.cpp.cpp; path = atomic.cpp; sourceTree = "<group>"; };
		C0794E011A0A4B46002D8880 /* atomic.hpp */ = {isa = PBXFileReference; fileEncoding = 4; lastKnownFileType = sourcecode.cpp.h; path = atomic.hpp; sourceTree = "<group>"; };
		C0794E021A0A4B46002D8880 /* callback.cpp */ = {isa = PBXFileReference; fileEncoding = 4; lastKnownFileType = sourcecode.cpp.cpp; path = callback.cpp; sourceTree = "<group>"; };
		C0794E031A0A4B46002D8880 /* callback.hpp */ = {isa = PBXFileReference; fileEncoding = 4; lastKnownFileType = sourcecode.cpp.h; path = callback.hpp; sourceTree = "<group>"; };
		C0794E041A0A4B46002D8880 /* cmdline.cpp */ = {isa = PBXFileReference; fileEncoding = 4; lastKnownFileType = sourcecode.cpp.cpp; path = cmdline.cpp; sourceTree = "<group>"; };
		C0794E051A0A4B46002D8880 /* cmdline.hpp */ = {isa = PBXFileReference; fileEncoding = 4; lastKnownFileType = sourcecode.cpp.h; path = cmdline.hpp; sourceTree = "<group>"; };
		C0794E061A0A4B46002D8880 /* container.hpp */ = {isa = PBXFileReference; fileEncoding = 4; lastKnownFileType = sourcecode.cpp.h; path = container.hpp; sourceTree = "<group>"; };
		C0794E071A0A4B46002D8880 /* control.hpp */ = {isa = PBXFileReference; fileEncoding = 4; lastKnownFileType = sourcecode.cpp.h; path = control.hpp; sourceTree = "<group>"; };
		C0794E081A0A4B46002D8880 /* control_dummy.cpp */ = {isa = PBXFileReference; fileEncoding = 4; lastKnownFileType = sourcecode.cpp.cpp; path = control_dummy.cpp; sourceTree = "<group>"; };
		C0794E091A0A4B46002D8880 /* cycles.hpp */ = {isa = PBXFileReference; fileEncoding = 4; lastKnownFileType = sourcecode.cpp.h; path = cycles.hpp; sourceTree = "<group>"; };
		C0794E0A1A0A4B46002D8880 /* microtime.cpp */ = {isa = PBXFileReference; fileEncoding = 4; lastKnownFileType = sourcecode.cpp.cpp; path = microtime.cpp; sourceTree = "<group>"; };
		C0794E0B1A0A4B46002D8880 /* microtime.hpp */ = {isa = PBXFileReference; fileEncoding = 4; lastKnownFileType = sourcecode.cpp.h; path = microtime.hpp; sourceTree = "<group>"; };
		C0794E0C1A0A4B46002D8880 /* tagged.hpp */ = {isa = PBXFileReference; fileEncoding = 4; lastKnownFileType = sourcecode.cpp.h; path = tagged.hpp; sourceTree = "<group>"; };
		C0794E0D1A0A4B46002D8880 /* ticks.cpp */ = {isa = PBXFileReference; fileEncoding = 4; lastKnownFileType = sourcecode.cpp.cpp; path = ticks.cpp; sourceTree = "<group>"; };
		C0794E0E1A0A4B46002D8880 /* ticks.hpp */ = {isa = PBXFileReference; fileEncoding = 4; lastKnownFileType = sourcecode.cpp.h; path = ticks.hpp; sourceTree = "<group>"; };
		C0794E101A0A4B46002D8880 /* pcontainerquickcheck.cpp */ = {isa = PBXFileReference; fileEncoding = 4; lastKnownFileType = sourcecode.cpp.cpp; path = pcontainerquickcheck.cpp; sourceTree = "<group>"; };
		C0794E141A0A4B46002D8880 /* bin.txt */ = {isa = PBXFileReference; fileEncoding = 4; lastKnownFileType = text; path = bin.txt; sourceTree = "<group>"; };
		C0794E161A0A4B46002D8880 /* bas.hpp */ = {isa = PBXFileReference; fileEncoding = 4; lastKnownFileType = sourcecode.cpp.h; path = bas.hpp; sourceTree = "<group>"; };
		C0794E171A0A4B46002D8880 /* dep.hpp */ = {isa = PBXFileReference; fileEncoding = 4; lastKnownFileType = sourcecode.cpp.h; path = dep.hpp; sourceTree = "<group>"; };
		C0794E181A0A4B46002D8880 /* int.hpp */ = {isa = PBXFileReference; fileEncoding = 4; lastKnownFileType = sourcecode.cpp.h; path = int.hpp; sourceTree = "<group>"; };
		C0794E191A0A4B46002D8880 /* main.cpp */ = {isa = PBXFileReference; fileEncoding = 4; lastKnownFileType = sourcecode.cpp.cpp; path = main.cpp; sourceTree = "<group>"; };
		C0794E1A1A0A4B46002D8880 /* Makefile */ = {isa = PBXFileReference; fileEncoding = 4; lastKnownFileType = sourcecode.make; path = Makefile; sourceTree = "<group>"; };
		C0794E1B1A0A4B46002D8880 /* Makefile_dvpt */ = {isa = PBXFileReference; fileEncoding = 4; lastKnownFileType = text; path = Makefile_dvpt; sourceTree = "<group>"; };
		C0794E1C1A0A4B46002D8880 /* README */ = {isa = PBXFileReference; fileEncoding = 4; lastKnownFileType = text; path = README; sourceTree = "<group>"; };
		C0794E1E1A0A4B46002D8880 /* dep.cpp */ = {isa = PBXFileReference; fileEncoding = 4; lastKnownFileType = sourcecode.cpp.cpp; path = dep.cpp; sourceTree = "<group>"; };
		C0794E1F1A0A4B46002D8880 /* int.cpp */ = {isa = PBXFileReference; fileEncoding = 4; lastKnownFileType = sourcecode.cpp.cpp; path = int.cpp; sourceTree = "<group>"; };
		C0794E201A0A4B46002D8880 /* depend.sh */ = {isa = PBXFileReference; fileEncoding = 4; lastKnownFileType = text.script.sh; path = depend.sh; sourceTree = "<group>"; };
		C0794E211A0A4B46002D8880 /* filterobj.sh */ = {isa = PBXFileReference; fileEncoding = 4; lastKnownFileType = text.script.sh; path = filterobj.sh; sourceTree = "<group>"; };
		C0794E221A0A4B46002D8880 /* filterobjdfs.php */ = {isa = PBXFileReference; fileEncoding = 4; lastKnownFileType = text.script.php; path = filterobjdfs.php; sourceTree = "<group>"; };
		C0794E231A0A4B46002D8880 /* Makefile_modes */ = {isa = PBXFileReference; fileEncoding = 4; lastKnownFileType = text; path = Makefile_modes; sourceTree = "<group>"; };
		C0794E241A0A4B46002D8880 /* Makefile_options */ = {isa = PBXFileReference; fileEncoding = 4; lastKnownFileType = text; path = Makefile_options; sourceTree = "<group>"; };
		C0794E251A0A4B46002D8880 /* old_filterobj.sh */ = {isa = PBXFileReference; fileEncoding = 4; lastKnownFileType = text.script.sh; path = old_filterobj.sh; sourceTree = "<group>"; };
		C0794E281A0A4B46002D8880 /* Makefile */ = {isa = PBXFileReference; fileEncoding = 4; lastKnownFileType = sourcecode.make; path = Makefile; sourceTree = "<group>"; };
		C0794E291A0A4B46002D8880 /* README */ = {isa = PBXFileReference; fileEncoding = 4; lastKnownFileType = text; path = README; sourceTree = "<group>"; };
		C0794E2B1A0A4B46002D8880 /* Makefile */ = {isa = PBXFileReference; fileEncoding = 4; lastKnownFileType = sourcecode.make; path = Makefile; sourceTree = "<group>"; };
		C0794E2C1A0A4B46002D8880 /* README */ = {isa = PBXFileReference; fileEncoding = 4; lastKnownFileType = text; path = README; sourceTree = "<group>"; };
		C0794E2E1A0A4B46002D8880 /* hyperthreading.sh */ = {isa = PBXFileReference; fileEncoding = 4; lastKnownFileType = text.script.sh; path = hyperthreading.sh; sourceTree = "<group>"; };
		C0794E301A0A4B46002D8880 /* Makefile */ = {isa = PBXFileReference; fileEncoding = 4; lastKnownFileType = sourcecode.make; path = Makefile; sourceTree = "<group>"; };
		C0794E311A0A4B46002D8880 /* malloc_count.c */ = {isa = PBXFileReference; fileEncoding = 4; lastKnownFileType = sourcecode.c.c; path = malloc_count.c; sourceTree = "<group>"; };
		C0794E321A0A4B46002D8880 /* malloc_count.h */ = {isa = PBXFileReference; fileEncoding = 4; lastKnownFileType = sourcecode.c.h; path = malloc_count.h; sourceTree = "<group>"; };
		C0794E331A0A4B46002D8880 /* memprofile.h */ = {isa = PBXFileReference; fileEncoding = 4; lastKnownFileType = sourcecode.c.h; path = memprofile.h; sourceTree = "<group>"; };
		C0794E341A0A4B46002D8880 /* README.md */ = {isa = PBXFileReference; fileEncoding = 4; lastKnownFileType = text; path = README.md; sourceTree = "<group>"; };
		C0794E351A0A4B46002D8880 /* stack_count.c */ = {isa = PBXFileReference; fileEncoding = 4; lastKnownFileType = sourcecode.c.c; path = stack_count.c; sourceTree = "<group>"; };
		C0794E361A0A4B46002D8880 /* stack_count.h */ = {isa = PBXFileReference; fileEncoding = 4; lastKnownFileType = sourcecode.c.h; path = stack_count.h; sourceTree = "<group>"; };
		C0794E381A0A4B46002D8880 /* Makefile */ = {isa = PBXFileReference; fileEncoding = 4; lastKnownFileType = sourcecode.make; path = Makefile; sourceTree = "<group>"; };
		C0794E391A0A4B46002D8880 /* test.c */ = {isa = PBXFileReference; fileEncoding = 4; lastKnownFileType = sourcecode.c.c; path = test.c; sourceTree = "<group>"; };
		C0794E3B1A0A4B46002D8880 /* Makefile */ = {isa = PBXFileReference; fileEncoding = 4; lastKnownFileType = sourcecode.make; path = Makefile; sourceTree = "<group>"; };
		C0794E3C1A0A4B46002D8880 /* memprofile.gnuplot */ = {isa = PBXFileReference; fileEncoding = 4; lastKnownFileType = text; path = memprofile.gnuplot; sourceTree = "<group>"; };
		C0794E3D1A0A4B46002D8880 /* memprofile.pdf */ = {isa = PBXFileReference; lastKnownFileType = image.pdf; path = memprofile.pdf; sourceTree = "<group>"; };
		C0794E3E1A0A4B46002D8880 /* test.cc */ = {isa = PBXFileReference; fileEncoding = 4; lastKnownFileType = sourcecode.cpp.cpp; path = test.cc; sourceTree = "<group>"; };
		C0794E401A0A4B46002D8880 /* mmio.cpp */ = {isa = PBXFileReference; fileEncoding = 4; lastKnownFileType = sourcecode.cpp.cpp; path = mmio.cpp; sourceTree = "<group>"; };
		C0794E411A0A4B46002D8880 /* mmio.hpp */ = {isa = PBXFileReference; fileEncoding = 4; lastKnownFileType = sourcecode.cpp.h; path = mmio.hpp; sourceTree = "<group>"; };
		C0794E431A0A4B46002D8880 /* blockradixsort.hpp */ = {isa = PBXFileReference; fileEncoding = 4; lastKnownFileType = sourcecode.cpp.h; path = blockradixsort.hpp; sourceTree = "<group>"; };
		C0794E441A0A4B46002D8880 /* datagen.hpp */ = {isa = PBXFileReference; fileEncoding = 4; lastKnownFileType = sourcecode.cpp.h; path = datagen.hpp; sourceTree = "<group>"; };
		C0794E451A0A4B46002D8880 /* defaults.hpp */ = {isa = PBXFileReference; fileEncoding = 4; lastKnownFileType = sourcecode.cpp.h; path = defaults.hpp; sourceTree = "<group>"; };
		C0794E461A0A4B46002D8880 /* geometry.hpp */ = {isa = PBXFileReference; fileEncoding = 4; lastKnownFileType = sourcecode.cpp.h; path = geometry.hpp; sourceTree = "<group>"; };
		C0794E471A0A4B46002D8880 /* geometryData.hpp */ = {isa = PBXFileReference; fileEncoding = 4; lastKnownFileType = sourcecode.cpp.h; path = geometryData.hpp; sourceTree = "<group>"; };
		C0794E481A0A4B46002D8880 /* geometryio.hpp */ = {isa = PBXFileReference; fileEncoding = 4; lastKnownFileType = sourcecode.cpp.h; path = geometryio.hpp; sourceTree = "<group>"; };
		C0794E491A0A4B46002D8880 /* hashtable.hpp */ = {isa = PBXFileReference; fileEncoding = 4; lastKnownFileType = sourcecode.cpp.h; path = hashtable.hpp; sourceTree = "<group>"; };
		C0794E4A1A0A4B46002D8880 /* io.hpp */ = {isa = PBXFileReference; fileEncoding = 4; lastKnownFileType = sourcecode.cpp.h; path = io.hpp; sourceTree = "<group>"; };
		C0794E4B1A0A4B46002D8880 /* nbody.hpp */ = {isa = PBXFileReference; fileEncoding = 4; lastKnownFileType = sourcecode.cpp.h; path = nbody.hpp; sourceTree = "<group>"; };
		C0794E4C1A0A4B46002D8880 /* nearestneighbors.hpp */ = {isa = PBXFileReference; fileEncoding = 4; lastKnownFileType = sourcecode.cpp.h; path = nearestneighbors.hpp; sourceTree = "<group>"; };
		C0794E4D1A0A4B46002D8880 /* octTree.hpp */ = {isa = PBXFileReference; fileEncoding = 4; lastKnownFileType = sourcecode.cpp.h; path = octTree.hpp; sourceTree = "<group>"; };
		C0794E4E1A0A4B46002D8880 /* quicksort.hpp */ = {isa = PBXFileReference; fileEncoding = 4; lastKnownFileType = sourcecode.cpp.h; path = quicksort.hpp; sourceTree = "<group>"; };
		C0794E4F1A0A4B46002D8880 /* randperm.hpp */ = {isa = PBXFileReference; fileEncoding = 4; lastKnownFileType = sourcecode.cpp.h; path = randperm.hpp; sourceTree = "<group>"; };
		C0794E501A0A4B46002D8880 /* rmat.hpp */ = {isa = PBXFileReference; fileEncoding = 4; lastKnownFileType = sourcecode.cpp.h; path = rmat.hpp; sourceTree = "<group>"; };
		C0794E511A0A4B46002D8880 /* samplesort.hpp */ = {isa = PBXFileReference; fileEncoding = 4; lastKnownFileType = sourcecode.cpp.h; path = samplesort.hpp; sourceTree = "<group>"; };
		C0794E521A0A4B46002D8880 /* sequence.hpp */ = {isa = PBXFileReference; fileEncoding = 4; lastKnownFileType = sourcecode.cpp.h; path = sequence.hpp; sourceTree = "<group>"; };
		C0794E531A0A4B46002D8880 /* sequencedata.hpp */ = {isa = PBXFileReference; fileEncoding = 4; lastKnownFileType = sourcecode.cpp.h; path = sequencedata.hpp; sourceTree = "<group>"; };
		C0794E541A0A4B46002D8880 /* sequenceio.hpp */ = {isa = PBXFileReference; fileEncoding = 4; lastKnownFileType = sourcecode.cpp.h; path = sequenceio.hpp; sourceTree = "<group>"; };
		C0794E551A0A4B46002D8880 /* spherical.hpp */ = {isa = PBXFileReference; fileEncoding = 4; lastKnownFileType = sourcecode.cpp.h; path = spherical.hpp; sourceTree = "<group>"; };
		C0794E561A0A4B46002D8880 /* transpose.hpp */ = {isa = PBXFileReference; fileEncoding = 4; lastKnownFileType = sourcecode.cpp.h; path = transpose.hpp; sourceTree = "<group>"; };
		C0794E571A0A4B46002D8880 /* utils.hpp */ = {isa = PBXFileReference; fileEncoding = 4; lastKnownFileType = sourcecode.cpp.h; path = utils.hpp; sourceTree = "<group>"; };
		C0794E591A0A4B46002D8880 /* Makefile */ = {isa = PBXFileReference; fileEncoding = 4; lastKnownFileType = sourcecode.make; path = Makefile; sourceTree = "<group>"; };
		C0794E5A1A0A4B46002D8880 /* pview.ml */ = {isa = PBXFileReference; fileEncoding = 4; lastKnownFileType = text; path = pview.ml; sourceTree = "<group>"; };
		C0794E5B1A0A4B46002D8880 /* README.md */ = {isa = PBXFileReference; fileEncoding = 4; lastKnownFileType = text; path = README.md; sourceTree = "<group>"; };
		C0794E5C1A0A4B46002D8880 /* screenshot.png */ = {isa = PBXFileReference; lastKnownFileType = image.png; path = screenshot.png; sourceTree = "<group>"; };
		C0794E5D1A0A4B46002D8880 /* shared.ml */ = {isa = PBXFileReference; fileEncoding = 4; lastKnownFileType = text; path = shared.ml; sourceTree = "<group>"; };
		C0794E5E1A0A4B46002D8880 /* visualize.ml */ = {isa = PBXFileReference; fileEncoding = 4; lastKnownFileType = text; path = visualize.ml; sourceTree = "<group>"; };
		C0794EAB1A0A4BF5002D8880 /* graph_test */ = {isa = PBXFileReference; explicitFileType = "compiled.mach-o.executable"; includeInIndex = 0; path = graph_test; sourceTree = BUILT_PRODUCTS_DIR; };
		C0CC2BAE1A0D3CD20092DD21 /* generate.hh */ = {isa = PBXFileReference; fileEncoding = 4; lastKnownFileType = sourcecode.cpp.h; path = generate.hh; sourceTree = "<group>"; };
		C0CC2BAF1A0D3CD20092DD21 /* ostream.hh */ = {isa = PBXFileReference; fileEncoding = 4; lastKnownFileType = sourcecode.cpp.h; path = ostream.hh; sourceTree = "<group>"; };
		C0CC2BB01A0D3CD20092DD21 /* Property.hh */ = {isa = PBXFileReference; fileEncoding = 4; lastKnownFileType = sourcecode.cpp.h; path = Property.hh; sourceTree = "<group>"; };
		C0CC2BB11A0D3CD20092DD21 /* quickcheck.hh */ = {isa = PBXFileReference; fileEncoding = 4; lastKnownFileType = sourcecode.cpp.h; path = quickcheck.hh; sourceTree = "<group>"; };
		C0CC2C5C1A0D44F40092DD21 /* tests_shortest.cpp */ = {isa = PBXFileReference; fileEncoding = 4; lastKnownFileType = sourcecode.cpp.cpp; path = tests_shortest.cpp; sourceTree = "<group>"; };
		C0DCE9E81A12239900326A76 /* dijkstra.hpp */ = {isa = PBXFileReference; fileEncoding = 4; lastKnownFileType = sourcecode.cpp.h; path = dijkstra.hpp; sourceTree = "<group>"; };
/* End PBXFileReference section */

/* Begin PBXFrameworksBuildPhase section */
		C0794EA81A0A4BF5002D8880 /* Frameworks */ = {
			isa = PBXFrameworksBuildPhase;
			buildActionMask = 2147483647;
			files = (
			);
			runOnlyForDeploymentPostprocessing = 0;
		};
/* End PBXFrameworksBuildPhase section */

/* Begin PBXGroup section */
		C026FEFF1A0A4ACD00A332E3 = {
			isa = PBXGroup;
			children = (
				C0794D741A0A4B46002D8880 /* chunkedseq */,
				C0794DB71A0A4B46002D8880 /* example */,
				C0794DBE1A0A4B46002D8880 /* graph */,
				C0794DD81A0A4B46002D8880 /* LICENSE */,
				C0794DD91A0A4B46002D8880 /* parutil */,
				C0794DE41A0A4B46002D8880 /* README.md */,
				C0794DE51A0A4B46002D8880 /* sched */,
				C0794DFE1A0A4B46002D8880 /* sequtil */,
				C0794E0F1A0A4B46002D8880 /* test */,
				C0794E111A0A4B46002D8880 /* tools */,
				C026FF0F1A0A4ADD00A332E3 /* Products */,
			);
			sourceTree = "<group>";
		};
		C026FF0F1A0A4ADD00A332E3 /* Products */ = {
			isa = PBXGroup;
			children = (
				C0794EAB1A0A4BF5002D8880 /* graph_test */,
			);
			name = Products;
			sourceTree = "<group>";
		};
		C0794D741A0A4B46002D8880 /* chunkedseq */ = {
			isa = PBXGroup;
			children = (
				C0794D751A0A4B46002D8880 /* bench */,
				C0794D7E1A0A4B46002D8880 /* Doxyfile */,
				C0794D7F1A0A4B46002D8880 /* examples */,
				C0794D8F1A0A4B46002D8880 /* include */,
				C0794DA01A0A4B46002D8880 /* README */,
				C0794DA11A0A4B46002D8880 /* README.md */,
				C0794DA21A0A4B46002D8880 /* stl */,
				C0794DAB1A0A4B46002D8880 /* test */,
			);
			path = chunkedseq;
			sourceTree = "<group>";
		};
		C0794D751A0A4B46002D8880 /* bench */ = {
			isa = PBXGroup;
			children = (
				C0794D761A0A4B46002D8880 /* bench.cpp */,
				C0794D771A0A4B46002D8880 /* chunkedseq.md */,
				C0794D781A0A4B46002D8880 /* chunkedseq.ml */,
				C0794D791A0A4B46002D8880 /* commands.txt */,
				C0794D7A1A0A4B46002D8880 /* do_fifo.cpp */,
				C0794D7B1A0A4B46002D8880 /* Makefile */,
				C0794D7C1A0A4B46002D8880 /* plot */,
				C0794D7D1A0A4B46002D8880 /* run */,
			);
			path = bench;
			sourceTree = "<group>";
		};
		C0794D7F1A0A4B46002D8880 /* examples */ = {
			isa = PBXGroup;
			children = (
				C0794D801A0A4B46002D8880 /* chunkedseq_1.cpp */,
				C0794D811A0A4B46002D8880 /* chunkedseq_2.cpp */,
				C0794D821A0A4B46002D8880 /* chunkedseq_3.cpp */,
				C0794D831A0A4B46002D8880 /* chunkedseq_4.cpp */,
				C0794D841A0A4B46002D8880 /* chunkedseq_5.cpp */,
				C0794D851A0A4B46002D8880 /* chunkedseq_6.cpp */,
				C0794D861A0A4B46002D8880 /* chunkedseq_7.cpp */,
				C0794D871A0A4B46002D8880 /* iterator_1.cpp */,
				C0794D881A0A4B46002D8880 /* Makefile */,
				C0794D891A0A4B46002D8880 /* map.hpp */,
				C0794D8A1A0A4B46002D8880 /* map_1.cpp */,
				C0794D8B1A0A4B46002D8880 /* map_2.cpp */,
				C0794D8C1A0A4B46002D8880 /* segment_1.cpp */,
				C0794D8D1A0A4B46002D8880 /* trivbootchunkedseq.hpp */,
				C0794D8E1A0A4B46002D8880 /* weighted_split.cpp */,
			);
			path = examples;
			sourceTree = "<group>";
		};
		C0794D8F1A0A4B46002D8880 /* include */ = {
			isa = PBXGroup;
			children = (
				C0794D901A0A4B46002D8880 /* algebra.hpp */,
				C0794D911A0A4B46002D8880 /* annotation.hpp */,
				C0794D921A0A4B46002D8880 /* bootchunkedseq.hpp */,
				C0794D931A0A4B46002D8880 /* cachedmeasure.hpp */,
				C0794D941A0A4B46002D8880 /* chunk.hpp */,
				C0794D951A0A4B46002D8880 /* chunkedbag.hpp */,
				C0794D961A0A4B46002D8880 /* chunkedseq.hpp */,
				C0794D971A0A4B46002D8880 /* chunkedseqbase.hpp */,
				C0794D981A0A4B46002D8880 /* chunkedseqextras.hpp */,
				C0794D991A0A4B46002D8880 /* fixedcapacity.hpp */,
				C0794D9A1A0A4B46002D8880 /* fixedcapacitybase.hpp */,
				C0794D9B1A0A4B46002D8880 /* ftree.hpp */,
				C0794D9C1A0A4B46002D8880 /* itemsearch.hpp */,
				C0794D9D1A0A4B46002D8880 /* iterator.hpp */,
				C0794D9E1A0A4B46002D8880 /* measure.hpp */,
				C0794D9F1A0A4B46002D8880 /* segment.hpp */,
			);
			path = include;
			sourceTree = "<group>";
		};
		C0794DA21A0A4B46002D8880 /* stl */ = {
			isa = PBXGroup;
			children = (
				C0794DA31A0A4B46002D8880 /* commands.txt */,
				C0794DA41A0A4B46002D8880 /* deque.hpp */,
				C0794DA51A0A4B46002D8880 /* deque.tcc */,
				C0794DA61A0A4B46002D8880 /* Makefile */,
				C0794DA71A0A4B46002D8880 /* plot */,
				C0794DA81A0A4B46002D8880 /* pushpop.cpp */,
				C0794DA91A0A4B46002D8880 /* run */,
				C0794DAA1A0A4B46002D8880 /* stl_deque.h */,
			);
			path = stl;
			sourceTree = "<group>";
		};
		C0794DAB1A0A4B46002D8880 /* test */ = {
			isa = PBXGroup;
			children = (
				C0794DAC1A0A4B46002D8880 /* bootchunkseq.cpp */,
				C0794DAD1A0A4B46002D8880 /* generators.hpp */,
				C0794DAE1A0A4B46002D8880 /* graphviz_output.cpp */,
				C0794DAF1A0A4B46002D8880 /* Makefile */,
				C0794DB01A0A4B46002D8880 /* prelims.hpp */,
				C0794DB11A0A4B46002D8880 /* properties.hpp */,
				C0794DB21A0A4B46002D8880 /* quickcheck_chunkedseq.cpp */,
				C0794DB31A0A4B46002D8880 /* test_bootchunkedseq.cpp */,
				C0794DB41A0A4B46002D8880 /* test_chunkedbag.cpp */,
				C0794DB51A0A4B46002D8880 /* test_chunkedseq.cpp */,
				C0794DB61A0A4B46002D8880 /* test_seq.hpp */,
			);
			path = test;
			sourceTree = "<group>";
		};
		C0794DB71A0A4B46002D8880 /* example */ = {
			isa = PBXGroup;
			children = (
				C0794DB81A0A4B46002D8880 /* bhut.cpp */,
				C0794DB91A0A4B46002D8880 /* fib.cpp */,
				C0794DBA1A0A4B46002D8880 /* hull.cpp */,
				C0794DBB1A0A4B46002D8880 /* Makefile */,
				C0794DBC1A0A4B46002D8880 /* nearestneighbors.cpp */,
				C0794DBD1A0A4B46002D8880 /* samplesort.cpp */,
			);
			path = example;
			sourceTree = "<group>";
		};
		C0794DBE1A0A4B46002D8880 /* graph */ = {
			isa = PBXGroup;
			children = (
				C0CC2BAD1A0D3CD20092DD21 /* quickcheck */,
				C0794DBF1A0A4B46002D8880 /* bench */,
				C0794DC91A0A4B46002D8880 /* Doxyfile */,
				C0794DCA1A0A4B46002D8880 /* include */,
				C0794DD41A0A4B46002D8880 /* README.md */,
				C0794DD51A0A4B46002D8880 /* test */,
			);
			path = graph;
			sourceTree = "<group>";
		};
		C0794DBF1A0A4B46002D8880 /* bench */ = {
			isa = PBXGroup;
			children = (
				C0794DC01A0A4B46002D8880 /* commands.txt */,
				C0794DC11A0A4B46002D8880 /* connectedcomp.cpp */,
				C0794DC21A0A4B46002D8880 /* graph.md */,
				C0794DC31A0A4B46002D8880 /* graph.ml */,
				C0794DC41A0A4B46002D8880 /* graphfile.cpp */,
				C0794DC51A0A4B46002D8880 /* graphfileshared.hpp */,
				C0794DC61A0A4B46002D8880 /* ls_bag.hpp */,
				C0794DC71A0A4B46002D8880 /* Makefile */,
				C0794DC81A0A4B46002D8880 /* search.cpp */,
			);
			path = bench;
			sourceTree = "<group>";
		};
		C0794DCA1A0A4B46002D8880 /* include */ = {
			isa = PBXGroup;
			children = (
				C0DCE9E81A12239900326A76 /* dijkstra.hpp */,
				C0794DCB1A0A4B46002D8880 /* adjlist.hpp */,
				C0794DCC1A0A4B46002D8880 /* bfs.hpp */,
				C0794DCD1A0A4B46002D8880 /* dfs.hpp */,
				C0794DCE1A0A4B46002D8880 /* edgelist.hpp */,
				C0794DCF1A0A4B46002D8880 /* frontierseg.hpp */,
				C0794DD01A0A4B46002D8880 /* graph.hpp */,
				C0794DD11A0A4B46002D8880 /* graphconversions.hpp */,
				C0794DD21A0A4B46002D8880 /* graphgenerators.hpp */,
				C0794DD31A0A4B46002D8880 /* graphio.hpp */,
			);
			path = include;
			sourceTree = "<group>";
		};
		C0794DD51A0A4B46002D8880 /* test */ = {
			isa = PBXGroup;
			children = (
				C0794DD61A0A4B46002D8880 /* Makefile */,
				C0CC2C5C1A0D44F40092DD21 /* tests_shortest.cpp */,
				C0794DD71A0A4B46002D8880 /* tests.cpp */,
			);
			path = test;
			sourceTree = "<group>";
		};
		C0794DD91A0A4B46002D8880 /* parutil */ = {
			isa = PBXGroup;
			children = (
				C0794DDA1A0A4B46002D8880 /* barrier.hpp */,
				C0794DDB1A0A4B46002D8880 /* cldeque.hpp */,
				C0794DDC1A0A4B46002D8880 /* machine.cpp */,
				C0794DDD1A0A4B46002D8880 /* machine.hpp */,
				C0794DDE1A0A4B46002D8880 /* pcb.hpp */,
				C0794DDF1A0A4B46002D8880 /* pcontainer.hpp */,
				C0794DE01A0A4B46002D8880 /* perworker.hpp */,
				C0794DE11A0A4B46002D8880 /* tls.hpp */,
				C0794DE21A0A4B46002D8880 /* worker.cpp */,
				C0794DE31A0A4B46002D8880 /* worker.hpp */,
			);
			path = parutil;
			sourceTree = "<group>";
		};
		C0794DE51A0A4B46002D8880 /* sched */ = {
			isa = PBXGroup;
			children = (
				C0794DE61A0A4B46002D8880 /* benchmark.hpp */,
				C0794DE71A0A4B46002D8880 /* classes.hpp */,
				C0794DE81A0A4B46002D8880 /* estimator.cpp */,
				C0794DE91A0A4B46002D8880 /* estimator.hpp */,
				C0794DEA1A0A4B46002D8880 /* instrategy.cpp */,
				C0794DEB1A0A4B46002D8880 /* instrategy.hpp */,
				C0794DEC1A0A4B46002D8880 /* localityrange.hpp */,
				C0794DED1A0A4B46002D8880 /* logging.cpp */,
				C0794DEE1A0A4B46002D8880 /* logging.hpp */,
				C0794DEF1A0A4B46002D8880 /* messagestrategy.cpp */,
				C0794DF01A0A4B46002D8880 /* messagestrategy.hpp */,
				C0794DF11A0A4B46002D8880 /* native.hpp */,
				C0794DF21A0A4B46002D8880 /* native.S */,
				C0794DF31A0A4B46002D8880 /* outstrategy.cpp */,
				C0794DF41A0A4B46002D8880 /* outstrategy.hpp */,
				C0794DF51A0A4B46002D8880 /* scheduler.cpp */,
				C0794DF61A0A4B46002D8880 /* scheduler.hpp */,
				C0794DF71A0A4B46002D8880 /* stats.cpp */,
				C0794DF81A0A4B46002D8880 /* stats.hpp */,
				C0794DF91A0A4B46002D8880 /* thread.hpp */,
				C0794DFA1A0A4B46002D8880 /* threaddag.cpp */,
				C0794DFB1A0A4B46002D8880 /* threaddag.hpp */,
				C0794DFC1A0A4B46002D8880 /* workstealing.cpp */,
				C0794DFD1A0A4B46002D8880 /* workstealing.hpp */,
			);
			path = sched;
			sourceTree = "<group>";
		};
		C0794DFE1A0A4B46002D8880 /* sequtil */ = {
			isa = PBXGroup;
			children = (
				C0794DFF1A0A4B46002D8880 /* aliases.hpp */,
				C0794E001A0A4B46002D8880 /* atomic.cpp */,
				C0794E011A0A4B46002D8880 /* atomic.hpp */,
				C0794E021A0A4B46002D8880 /* callback.cpp */,
				C0794E031A0A4B46002D8880 /* callback.hpp */,
				C0794E041A0A4B46002D8880 /* cmdline.cpp */,
				C0794E051A0A4B46002D8880 /* cmdline.hpp */,
				C0794E061A0A4B46002D8880 /* container.hpp */,
				C0794E071A0A4B46002D8880 /* control.hpp */,
				C0794E081A0A4B46002D8880 /* control_dummy.cpp */,
				C0794E091A0A4B46002D8880 /* cycles.hpp */,
				C0794E0A1A0A4B46002D8880 /* microtime.cpp */,
				C0794E0B1A0A4B46002D8880 /* microtime.hpp */,
				C0794E0C1A0A4B46002D8880 /* tagged.hpp */,
				C0794E0D1A0A4B46002D8880 /* ticks.cpp */,
				C0794E0E1A0A4B46002D8880 /* ticks.hpp */,
			);
			path = sequtil;
			sourceTree = "<group>";
		};
		C0794E0F1A0A4B46002D8880 /* test */ = {
			isa = PBXGroup;
			children = (
				C0794E101A0A4B46002D8880 /* pcontainerquickcheck.cpp */,
			);
			path = test;
			sourceTree = "<group>";
		};
		C0794E111A0A4B46002D8880 /* tools */ = {
			isa = PBXGroup;
			children = (
				C0794E121A0A4B46002D8880 /* build */,
				C0794E261A0A4B46002D8880 /* export */,
				C0794E2D1A0A4B46002D8880 /* hyperthreading */,
				C0794E2F1A0A4B46002D8880 /* malloc_count */,
				C0794E3F1A0A4B46002D8880 /* matrix_market */,
				C0794E421A0A4B46002D8880 /* pbbs */,
				C0794E581A0A4B46002D8880 /* pview */,
			);
			path = tools;
			sourceTree = "<group>";
		};
		C0794E121A0A4B46002D8880 /* build */ = {
			isa = PBXGroup;
			children = (
				C0794E131A0A4B46002D8880 /* demo */,
				C0794E201A0A4B46002D8880 /* depend.sh */,
				C0794E211A0A4B46002D8880 /* filterobj.sh */,
				C0794E221A0A4B46002D8880 /* filterobjdfs.php */,
				C0794E231A0A4B46002D8880 /* Makefile_modes */,
				C0794E241A0A4B46002D8880 /* Makefile_options */,
				C0794E251A0A4B46002D8880 /* old_filterobj.sh */,
			);
			path = build;
			sourceTree = "<group>";
		};
		C0794E131A0A4B46002D8880 /* demo */ = {
			isa = PBXGroup;
			children = (
				C0794E141A0A4B46002D8880 /* bin.txt */,
				C0794E151A0A4B46002D8880 /* inc */,
				C0794E191A0A4B46002D8880 /* main.cpp */,
				C0794E1A1A0A4B46002D8880 /* Makefile */,
				C0794E1B1A0A4B46002D8880 /* Makefile_dvpt */,
				C0794E1C1A0A4B46002D8880 /* README */,
				C0794E1D1A0A4B46002D8880 /* src */,
			);
			path = demo;
			sourceTree = "<group>";
		};
		C0794E151A0A4B46002D8880 /* inc */ = {
			isa = PBXGroup;
			children = (
				C0794E161A0A4B46002D8880 /* bas.hpp */,
				C0794E171A0A4B46002D8880 /* dep.hpp */,
				C0794E181A0A4B46002D8880 /* int.hpp */,
			);
			path = inc;
			sourceTree = "<group>";
		};
		C0794E1D1A0A4B46002D8880 /* src */ = {
			isa = PBXGroup;
			children = (
				C0794E1E1A0A4B46002D8880 /* dep.cpp */,
				C0794E1F1A0A4B46002D8880 /* int.cpp */,
			);
			path = src;
			sourceTree = "<group>";
		};
		C0794E261A0A4B46002D8880 /* export */ = {
			isa = PBXGroup;
			children = (
				C0794E271A0A4B46002D8880 /* chunkedseq */,
				C0794E2A1A0A4B46002D8880 /* pasl */,
			);
			path = export;
			sourceTree = "<group>";
		};
		C0794E271A0A4B46002D8880 /* chunkedseq */ = {
			isa = PBXGroup;
			children = (
				C0794E281A0A4B46002D8880 /* Makefile */,
				C0794E291A0A4B46002D8880 /* README */,
			);
			path = chunkedseq;
			sourceTree = "<group>";
		};
		C0794E2A1A0A4B46002D8880 /* pasl */ = {
			isa = PBXGroup;
			children = (
				C0794E2B1A0A4B46002D8880 /* Makefile */,
				C0794E2C1A0A4B46002D8880 /* README */,
			);
			path = pasl;
			sourceTree = "<group>";
		};
		C0794E2D1A0A4B46002D8880 /* hyperthreading */ = {
			isa = PBXGroup;
			children = (
				C0794E2E1A0A4B46002D8880 /* hyperthreading.sh */,
			);
			path = hyperthreading;
			sourceTree = "<group>";
		};
		C0794E2F1A0A4B46002D8880 /* malloc_count */ = {
			isa = PBXGroup;
			children = (
				C0794E301A0A4B46002D8880 /* Makefile */,
				C0794E311A0A4B46002D8880 /* malloc_count.c */,
				C0794E321A0A4B46002D8880 /* malloc_count.h */,
				C0794E331A0A4B46002D8880 /* memprofile.h */,
				C0794E341A0A4B46002D8880 /* README.md */,
				C0794E351A0A4B46002D8880 /* stack_count.c */,
				C0794E361A0A4B46002D8880 /* stack_count.h */,
				C0794E371A0A4B46002D8880 /* test-malloc_count */,
				C0794E3A1A0A4B46002D8880 /* test-memprofile */,
			);
			path = malloc_count;
			sourceTree = "<group>";
		};
		C0794E371A0A4B46002D8880 /* test-malloc_count */ = {
			isa = PBXGroup;
			children = (
				C0794E381A0A4B46002D8880 /* Makefile */,
				C0794E391A0A4B46002D8880 /* test.c */,
			);
			path = "test-malloc_count";
			sourceTree = "<group>";
		};
		C0794E3A1A0A4B46002D8880 /* test-memprofile */ = {
			isa = PBXGroup;
			children = (
				C0794E3B1A0A4B46002D8880 /* Makefile */,
				C0794E3C1A0A4B46002D8880 /* memprofile.gnuplot */,
				C0794E3D1A0A4B46002D8880 /* memprofile.pdf */,
				C0794E3E1A0A4B46002D8880 /* test.cc */,
			);
			path = "test-memprofile";
			sourceTree = "<group>";
		};
		C0794E3F1A0A4B46002D8880 /* matrix_market */ = {
			isa = PBXGroup;
			children = (
				C0794E401A0A4B46002D8880 /* mmio.cpp */,
				C0794E411A0A4B46002D8880 /* mmio.hpp */,
			);
			path = matrix_market;
			sourceTree = "<group>";
		};
		C0794E421A0A4B46002D8880 /* pbbs */ = {
			isa = PBXGroup;
			children = (
				C0794E431A0A4B46002D8880 /* blockradixsort.hpp */,
				C0794E441A0A4B46002D8880 /* datagen.hpp */,
				C0794E451A0A4B46002D8880 /* defaults.hpp */,
				C0794E461A0A4B46002D8880 /* geometry.hpp */,
				C0794E471A0A4B46002D8880 /* geometryData.hpp */,
				C0794E481A0A4B46002D8880 /* geometryio.hpp */,
				C0794E491A0A4B46002D8880 /* hashtable.hpp */,
				C0794E4A1A0A4B46002D8880 /* io.hpp */,
				C0794E4B1A0A4B46002D8880 /* nbody.hpp */,
				C0794E4C1A0A4B46002D8880 /* nearestneighbors.hpp */,
				C0794E4D1A0A4B46002D8880 /* octTree.hpp */,
				C0794E4E1A0A4B46002D8880 /* quicksort.hpp */,
				C0794E4F1A0A4B46002D8880 /* randperm.hpp */,
				C0794E501A0A4B46002D8880 /* rmat.hpp */,
				C0794E511A0A4B46002D8880 /* samplesort.hpp */,
				C0794E521A0A4B46002D8880 /* sequence.hpp */,
				C0794E531A0A4B46002D8880 /* sequencedata.hpp */,
				C0794E541A0A4B46002D8880 /* sequenceio.hpp */,
				C0794E551A0A4B46002D8880 /* spherical.hpp */,
				C0794E561A0A4B46002D8880 /* transpose.hpp */,
				C0794E571A0A4B46002D8880 /* utils.hpp */,
			);
			path = pbbs;
			sourceTree = "<group>";
		};
		C0794E581A0A4B46002D8880 /* pview */ = {
			isa = PBXGroup;
			children = (
				C0794E591A0A4B46002D8880 /* Makefile */,
				C0794E5A1A0A4B46002D8880 /* pview.ml */,
				C0794E5B1A0A4B46002D8880 /* README.md */,
				C0794E5C1A0A4B46002D8880 /* screenshot.png */,
				C0794E5D1A0A4B46002D8880 /* shared.ml */,
				C0794E5E1A0A4B46002D8880 /* visualize.ml */,
			);
			path = pview;
			sourceTree = "<group>";
		};
		C0CC2BAD1A0D3CD20092DD21 /* quickcheck */ = {
			isa = PBXGroup;
			children = (
				C0CC2BAE1A0D3CD20092DD21 /* generate.hh */,
				C0CC2BAF1A0D3CD20092DD21 /* ostream.hh */,
				C0CC2BB01A0D3CD20092DD21 /* Property.hh */,
				C0CC2BB11A0D3CD20092DD21 /* quickcheck.hh */,
			);
			path = quickcheck;
			sourceTree = "<group>";
		};
/* End PBXGroup section */

/* Begin PBXNativeTarget section */
		C0794EAA1A0A4BF5002D8880 /* graph_test */ = {
			isa = PBXNativeTarget;
			buildConfigurationList = C0794EB11A0A4BF5002D8880 /* Build configuration list for PBXNativeTarget "graph_test" */;
			buildPhases = (
				C0794EA71A0A4BF5002D8880 /* Sources */,
				C0794EA81A0A4BF5002D8880 /* Frameworks */,
				C0794EA91A0A4BF5002D8880 /* CopyFiles */,
			);
			buildRules = (
			);
			dependencies = (
			);
			name = graph_test;
			productName = graph_test;
			productReference = C0794EAB1A0A4BF5002D8880 /* graph_test */;
			productType = "com.apple.product-type.tool";
		};
/* End PBXNativeTarget section */

/* Begin PBXProject section */
		C026FF001A0A4ACD00A332E3 /* Project object */ = {
			isa = PBXProject;
			attributes = {
				LastUpgradeCheck = 0500;
				ORGANIZATIONNAME = "Grigory Tkachenko";
			};
			buildConfigurationList = C026FF031A0A4ACD00A332E3 /* Build configuration list for PBXProject "pasl" */;
			compatibilityVersion = "Xcode 3.2";
			developmentRegion = English;
			hasScannedForEncodings = 0;
			knownRegions = (
				en,
			);
			mainGroup = C026FEFF1A0A4ACD00A332E3;
			productRefGroup = C026FF0F1A0A4ADD00A332E3 /* Products */;
			projectDirPath = "";
			projectRoot = "";
			targets = (
				C0794EAA1A0A4BF5002D8880 /* graph_test */,
			);
		};
/* End PBXProject section */

/* Begin PBXSourcesBuildPhase section */
		C0794EA71A0A4BF5002D8880 /* Sources */ = {
			isa = PBXSourcesBuildPhase;
			buildActionMask = 2147483647;
			files = (
				C0CC2C5E1A0D46010092DD21 /* ticks.cpp in Sources */,
				C0CC2C491A0D3E530092DD21 /* machine.cpp in Sources */,
				C0CC2C4A1A0D3E530092DD21 /* worker.cpp in Sources */,
				C0CC2C4B1A0D3E530092DD21 /* estimator.cpp in Sources */,
				C0CC2C4C1A0D3E530092DD21 /* instrategy.cpp in Sources */,
				C0CC2C4D1A0D3E530092DD21 /* logging.cpp in Sources */,
				C0CC2C4E1A0D3E530092DD21 /* messagestrategy.cpp in Sources */,
				C0CC2C4F1A0D3E530092DD21 /* outstrategy.cpp in Sources */,
				C0CC2C501A0D3E530092DD21 /* scheduler.cpp in Sources */,
				C0CC2C511A0D3E530092DD21 /* stats.cpp in Sources */,
				C0CC2C521A0D3E530092DD21 /* threaddag.cpp in Sources */,
				C0CC2C531A0D3E530092DD21 /* workstealing.cpp in Sources */,
				C0CC2C541A0D3E530092DD21 /* atomic.cpp in Sources */,
				C0CC2C551A0D3E530092DD21 /* callback.cpp in Sources */,
				C0CC2C561A0D3E530092DD21 /* cmdline.cpp in Sources */,
				C0CC2C571A0D3E530092DD21 /* control_dummy.cpp in Sources */,
				C0CC2C581A0D3E530092DD21 /* microtime.cpp in Sources */,
				C0CC2C5D1A0D44F40092DD21 /* tests_shortest.cpp in Sources */,
			);
			runOnlyForDeploymentPostprocessing = 0;
		};
/* End PBXSourcesBuildPhase section */

/* Begin XCBuildConfiguration section */
		C026FF051A0A4ACD00A332E3 /* Debug */ = {
			isa = XCBuildConfiguration;
			buildSettings = {
				ALWAYS_SEARCH_USER_PATHS = NO;
				CLANG_CXX_LANGUAGE_STANDARD = "gnu++0x";
				CLANG_CXX_LIBRARY = "libc++";
				CLANG_ENABLE_OBJC_ARC = YES;
				CLANG_WARN_BOOL_CONVERSION = YES;
				CLANG_WARN_CONSTANT_CONVERSION = YES;
				CLANG_WARN_DIRECT_OBJC_ISA_USAGE = YES_ERROR;
				CLANG_WARN_EMPTY_BODY = YES;
				CLANG_WARN_ENUM_CONVERSION = YES;
				CLANG_WARN_INT_CONVERSION = YES;
				CLANG_WARN_OBJC_ROOT_CLASS = YES_ERROR;
				CLANG_WARN__DUPLICATE_METHOD_MATCH = YES;
				COPY_PHASE_STRIP = NO;
				GCC_C_LANGUAGE_STANDARD = gnu99;
				GCC_DYNAMIC_NO_PIC = NO;
				GCC_ENABLE_OBJC_EXCEPTIONS = YES;
				GCC_OPTIMIZATION_LEVEL = 0;
				GCC_PREPROCESSOR_DEFINITIONS = (
					"DEBUG=1",
					"$(inherited)",
				);
				GCC_SYMBOLS_PRIVATE_EXTERN = NO;
				GCC_WARN_64_TO_32_BIT_CONVERSION = YES;
				GCC_WARN_ABOUT_RETURN_TYPE = YES_ERROR;
				GCC_WARN_UNDECLARED_SELECTOR = YES;
				GCC_WARN_UNINITIALIZED_AUTOS = YES;
				GCC_WARN_UNUSED_FUNCTION = YES;
				GCC_WARN_UNUSED_VARIABLE = YES;
				MACOSX_DEPLOYMENT_TARGET = 10.9;
				ONLY_ACTIVE_ARCH = YES;
				SDKROOT = macosx;
			};
			name = Debug;
		};
		C026FF061A0A4ACD00A332E3 /* Release */ = {
			isa = XCBuildConfiguration;
			buildSettings = {
				ALWAYS_SEARCH_USER_PATHS = NO;
				CLANG_CXX_LANGUAGE_STANDARD = "gnu++0x";
				CLANG_CXX_LIBRARY = "libc++";
				CLANG_ENABLE_OBJC_ARC = YES;
				CLANG_WARN_BOOL_CONVERSION = YES;
				CLANG_WARN_CONSTANT_CONVERSION = YES;
				CLANG_WARN_DIRECT_OBJC_ISA_USAGE = YES_ERROR;
				CLANG_WARN_EMPTY_BODY = YES;
				CLANG_WARN_ENUM_CONVERSION = YES;
				CLANG_WARN_INT_CONVERSION = YES;
				CLANG_WARN_OBJC_ROOT_CLASS = YES_ERROR;
				CLANG_WARN__DUPLICATE_METHOD_MATCH = YES;
				COPY_PHASE_STRIP = YES;
				DEBUG_INFORMATION_FORMAT = "dwarf-with-dsym";
				ENABLE_NS_ASSERTIONS = NO;
				GCC_C_LANGUAGE_STANDARD = gnu99;
				GCC_ENABLE_OBJC_EXCEPTIONS = YES;
				GCC_WARN_64_TO_32_BIT_CONVERSION = YES;
				GCC_WARN_ABOUT_RETURN_TYPE = YES_ERROR;
				GCC_WARN_UNDECLARED_SELECTOR = YES;
				GCC_WARN_UNINITIALIZED_AUTOS = YES;
				GCC_WARN_UNUSED_FUNCTION = YES;
				GCC_WARN_UNUSED_VARIABLE = YES;
				MACOSX_DEPLOYMENT_TARGET = 10.9;
				SDKROOT = macosx;
			};
			name = Release;
		};
		C0794EB21A0A4BF5002D8880 /* Debug */ = {
			isa = XCBuildConfiguration;
			buildSettings = {
				CLANG_CXX_LIBRARY = "libc++";
				GCC_C_LANGUAGE_STANDARD = "compiler-default";
				GCC_PREPROCESSOR_DEFINITIONS = (
					"DEBUG=1",
					"$(inherited)",
				);
				GCC_VERSION = "";
				HEADER_SEARCH_PATHS = (
					"$(inherited)",
					/Applications/Xcode.app/Contents/Developer/Toolchains/XcodeDefault.xctoolchain/usr/include,
					./graph/include,
					./parutil/,
					./sequtil/,
					./sched/,
				);
				OTHER_CFLAGS = "";
				OTHER_CPLUSPLUSFLAGS = (
					"$(OTHER_CFLAGS)",
					"-D_XOPEN_SOURCE",
					"-DTARGET_MAC_OS\n-DTARGET_MAC_OS\n-D_XOPEN_SOURCE",
				);
				PRODUCT_NAME = "$(TARGET_NAME)";
			};
			name = Debug;
		};
		C0794EB31A0A4BF5002D8880 /* Release */ = {
			isa = XCBuildConfiguration;
			buildSettings = {
				CLANG_CXX_LIBRARY = "libc++";
				GCC_C_LANGUAGE_STANDARD = "compiler-default";
				GCC_VERSION = "";
				HEADER_SEARCH_PATHS = (
					"$(inherited)",
					/Applications/Xcode.app/Contents/Developer/Toolchains/XcodeDefault.xctoolchain/usr/include,
					./graph/include,
					./parutil/,
					./sequtil/,
					./sched/,
				);
				OTHER_CFLAGS = "";
				OTHER_CPLUSPLUSFLAGS = (
					"$(OTHER_CFLAGS)",
					"-D_XOPEN_SOURCE",
					"-DTARGET_MAC_OS\n-DTARGET_MAC_OS\n-D_XOPEN_SOURCE",
				);
				PRODUCT_NAME = "$(TARGET_NAME)";
			};
			name = Release;
		};
/* End XCBuildConfiguration section */

/* Begin XCConfigurationList section */
		C026FF031A0A4ACD00A332E3 /* Build configuration list for PBXProject "pasl" */ = {
			isa = XCConfigurationList;
			buildConfigurations = (
				C026FF051A0A4ACD00A332E3 /* Debug */,
				C026FF061A0A4ACD00A332E3 /* Release */,
			);
			defaultConfigurationIsVisible = 0;
			defaultConfigurationName = Release;
		};
		C0794EB11A0A4BF5002D8880 /* Build configuration list for PBXNativeTarget "graph_test" */ = {
			isa = XCConfigurationList;
			buildConfigurations = (
				C0794EB21A0A4BF5002D8880 /* Debug */,
				C0794EB31A0A4BF5002D8880 /* Release */,
			);
			defaultConfigurationIsVisible = 0;
			defaultConfigurationName = Release;
		};
/* End XCConfigurationList section */
	};
	rootObject = C026FF001A0A4ACD00A332E3 /* Project object */;
}
